Microsoft Visual Studio Solution File, Format Version 12.00
# Visual Studio Version 17
VisualStudioVersion = 17.10.35004.147
MinimumVisualStudioVersion = 10.0.40219.1
Project("{9A19103F-16F7-4668-BE54-9A1E7A4F7556}") = "AlgoBhagirath.Server", "AlgoBhagirath.Server\AlgoBhagirath.Server.csproj", "{4A5BEFB2-7AEB-4859-AD9A-F3BC35FFF203}"
EndProject
Project("{54A90642-561A-4BB1-A94E-469ADEE60C69}") = "algobhagirath.client", "algobhagirath.client\algobhagirath.client.esproj", "{0EFDE800-2053-4D11-9522-88FCEE32A05A}"
EndProject
Project("{2150E333-8FDC-42A3-9474-1A3956D46DE8}") = "Core", "Core", "{B5652ABD-0130-4149-8B72-4E506749316B}"
EndProject
Project("{2150E333-8FDC-42A3-9474-1A3956D46DE8}") = "Infrastructure", "Infrastructure", "{8E5D3B6A-BE0B-477A-A25C-1507F1CC8DEB}"
EndProject
Project("{2150E333-8FDC-42A3-9474-1A3956D46DE8}") = "Operations", "Operations", "{762A87DE-FAFF-4455-B66A-1929E9C22149}"
EndProject
Project("{2150E333-8FDC-42A3-9474-1A3956D46DE8}") = "Solution Items", "Solution Items", "{C175192D-DE97-4867-B487-E1072EDCAD4D}"
EndProject
Project("{2150E333-8FDC-42A3-9474-1A3956D46DE8}") = "MarketCore", "MarketCore", "{EA5B7B6F-F2E1-46AA-A00C-266009742BA7}"
EndProject
Project("{9A19103F-16F7-4668-BE54-9A1E7A4F7556}") = "Identity", "Core\Identity\Identity.csproj", "{57E43734-4D5C-42AD-B103-86F6FF11CA6C}"
EndProject
Project("{9A19103F-16F7-4668-BE54-9A1E7A4F7556}") = "Contracts", "Core\Contracts\Contracts.csproj", "{C030079E-A643-41BA-AA10-2F8220AE7197}"
EndProject
Project("{9A19103F-16F7-4668-BE54-9A1E7A4F7556}") = "Domain", "Core\Domain\Domain.csproj", "{480CC438-FFED-4DE2-BD9E-59734E50952A}"
EndProject
Project("{9A19103F-16F7-4668-BE54-9A1E7A4F7556}") = "AlgoBhagirath.Common", "AlgoBhagirath.Common\AlgoBhagirath.Common.csproj", "{815A73B7-C252-489A-BE7E-9F52FD53F10A}"
EndProject
Project("{9A19103F-16F7-4668-BE54-9A1E7A4F7556}") = "Persistance", "Infrastructure\Persistance\Persistance.csproj", "{BC9AFF10-0A22-4F15-AB5D-B4D45092E629}"
EndProject
Project("{9A19103F-16F7-4668-BE54-9A1E7A4F7556}") = "Presentation", "Infrastructure\Presentation\Presentation.csproj", "{5D4970FF-A697-406A-9A8D-39752BE6C75D}"
EndProject
Project("{00D1A9C2-B5F0-4AF3-8072-F6C62B433612}") = "Database", "Infrastructure\Database\Database.sqlproj", "{9963B04B-599F-40D0-BB69-996E1EBBBF86}"
EndProject
Project("{9A19103F-16F7-4668-BE54-9A1E7A4F7556}") = "Services", "Core\Services\Services.csproj", "{9F490270-8C2F-498D-9DF1-73C60C70F807}"
EndProject
Project("{9A19103F-16F7-4668-BE54-9A1E7A4F7556}") = "Services.Abstractions", "Core\Services.Abstractions\Services.Abstractions.csproj", "{4557B9A6-44BF-4351-A9ED-5F2AA7ECAFA4}"
EndProject
Project("{9A19103F-16F7-4668-BE54-9A1E7A4F7556}") = "MarketData", "Operations\MarketCore\MarketData\MarketData.csproj", "{FE1C0785-EA8C-44FC-9AE2-2B1D03A2861D}"
EndProject
Project("{9A19103F-16F7-4668-BE54-9A1E7A4F7556}") = "IciciDirectBreeze", "Operations\MarketCore\IciciDirectBreeze\IciciDirectBreeze.csproj", "{A8939CF9-9133-4B0D-B23E-F2D57F917F51}"
EndProject
Project("{2150E333-8FDC-42A3-9474-1A3956D46DE8}") = "TraderCore", "TraderCore", "{503D95AC-FDE0-4F9E-9340-6EAE35A15032}"
EndProject
Project("{9A19103F-16F7-4668-BE54-9A1E7A4F7556}") = "Trader.Core", "Operations\TraderCore\Trader.Core\Trader.Core.csproj", "{E934BE2C-8000-48EC-B434-691FC93A927D}"
EndProject
Project("{9A19103F-16F7-4668-BE54-9A1E7A4F7556}") = "Trader.Zerodha", "Operations\TraderCore\Trader.Zerodha\Trader.Zerodha.csproj", "{39F0F822-D581-4846-A0ED-A4CBD5B9321E}"
EndProject
Project("{9A19103F-16F7-4668-BE54-9A1E7A4F7556}") = "Trader.IciciDirectBreeze", "Operations\TraderCore\Trader.IciciDirectBreeze\Trader.IciciDirectBreeze.csproj", "{C47226BF-FA17-4762-BD2D-80DE17355513}"
EndProject
Project("{9A19103F-16F7-4668-BE54-9A1E7A4F7556}") = "Trader.Groww", "Operations\TraderCore\Trader.Groww\Trader.Groww.csproj", "{5B471A01-2B23-42B8-A438-3200CE44B662}"
EndProject
Project("{9A19103F-16F7-4668-BE54-9A1E7A4F7556}") = "Trader.SherKhan", "Operations\TraderCore\Trader.SherKhan\Trader.SherKhan.csproj", "{3D249309-231B-4491-A0BB-91BD61F9F819}"
EndProject
Project("{9A19103F-16F7-4668-BE54-9A1E7A4F7556}") = "Trader.KotakSecurities", "Operations\TraderCore\Trader.KotakSecurities\Trader.KotakSecurities.csproj", "{18C9EFEB-96FD-46D7-82C2-114D0EE63F32}"
EndProject
Project("{9A19103F-16F7-4668-BE54-9A1E7A4F7556}") = "Trader.MotilalOswal", "Operations\TraderCore\Trader.MotilalOswal\Trader.MotilalOswal.csproj", "{EC5DE011-6CD5-4D60-8BC3-C2E9623E25F9}"
EndProject
Project("{9A19103F-16F7-4668-BE54-9A1E7A4F7556}") = "Trader.AngelBroking", "Operations\TraderCore\Trader.AngelBroking\Trader.AngelBroking.csproj", "{E8874983-4474-45E0-8254-5D8B14CB32AA}"
EndProject
Project("{9A19103F-16F7-4668-BE54-9A1E7A4F7556}") = "BhagirathFincareClassLibrary", "Core\BhagirathFincareClassLibrary\BhagirathFincareClassLibrary.csproj", "{D5534CFB-D988-4932-9DE7-5C55B71CC271}"
EndProject
Project("{9A19103F-16F7-4668-BE54-9A1E7A4F7556}") = "BhagirathFincareUtil", "Core\BhagirathFincareUtil\BhagirathFincareUtil.csproj", "{80710C68-E6D3-479A-B865-3F47AC79EAAE}"
EndProject
Project("{9A19103F-16F7-4668-BE54-9A1E7A4F7556}") = "BhagirathFincareCore", "Core\BhagirathFincareCore\BhagirathFincareCore.csproj", "{AFA02378-0DC1-4A35-BDAD-B16DEC61F1EF}"
EndProject
Project("{2150E333-8FDC-42A3-9474-1A3956D46DE8}") = "AlgoEngine", "AlgoEngine", "{290E29A1-3C01-4AF6-9225-84CC63A6AD70}"
EndProject
Project("{9A19103F-16F7-4668-BE54-9A1E7A4F7556}") = "Equity.CustomAlgo.Bhagirath", "Operations\AlgoEngine\Equity.CustomAlgo.Bhagirath\Equity.CustomAlgo.Bhagirath.csproj", "{E30D638E-88A8-481B-AC52-D6728F9F3581}"
EndProject
Project("{9A19103F-16F7-4668-BE54-9A1E7A4F7556}") = "MotilalOzwal", "Operations\MarketCore\MotilalOzwal\MotilalOzwal.csproj", "{2BCAD7E8-EE14-4471-939D-67B09F7D158C}"
EndProject
Project("{9A19103F-16F7-4668-BE54-9A1E7A4F7556}") = "Trader.Upstox", "Operations\TraderCore\Trader.Upstox\Trader.Upstox.csproj", "{9532174E-E736-4A7D-BA45-7B86D186CF00}"
EndProject
Project("{FAE04EC0-301F-11D3-BF4B-00C04F79EFBC}") = "MarketDataSync.AlgoMoney", "Operations\AlgoEngine\MarketDataSync.AlgoMoney\MarketDataSync.AlgoMoney.csproj", "{32C840A5-E7E9-401A-9B30-AE23A3227AE6}"
EndProject
Global
	GlobalSection(SolutionConfigurationPlatforms) = preSolution
		Debug|Any CPU = Debug|Any CPU
		Release|Any CPU = Release|Any CPU
	EndGlobalSection
	GlobalSection(ProjectConfigurationPlatforms) = postSolution
		{4A5BEFB2-7AEB-4859-AD9A-F3BC35FFF203}.Debug|Any CPU.ActiveCfg = Debug|Any CPU
		{4A5BEFB2-7AEB-4859-AD9A-F3BC35FFF203}.Debug|Any CPU.Build.0 = Debug|Any CPU
		{4A5BEFB2-7AEB-4859-AD9A-F3BC35FFF203}.Release|Any CPU.ActiveCfg = Release|Any CPU
		{4A5BEFB2-7AEB-4859-AD9A-F3BC35FFF203}.Release|Any CPU.Build.0 = Release|Any CPU
		{0EFDE800-2053-4D11-9522-88FCEE32A05A}.Debug|Any CPU.ActiveCfg = Debug|Any CPU
		{0EFDE800-2053-4D11-9522-88FCEE32A05A}.Debug|Any CPU.Build.0 = Debug|Any CPU
		{0EFDE800-2053-4D11-9522-88FCEE32A05A}.Debug|Any CPU.Deploy.0 = Debug|Any CPU
		{0EFDE800-2053-4D11-9522-88FCEE32A05A}.Release|Any CPU.ActiveCfg = Release|Any CPU
		{0EFDE800-2053-4D11-9522-88FCEE32A05A}.Release|Any CPU.Build.0 = Release|Any CPU
		{0EFDE800-2053-4D11-9522-88FCEE32A05A}.Release|Any CPU.Deploy.0 = Release|Any CPU
		{57E43734-4D5C-42AD-B103-86F6FF11CA6C}.Debug|Any CPU.ActiveCfg = Debug|Any CPU
		{57E43734-4D5C-42AD-B103-86F6FF11CA6C}.Debug|Any CPU.Build.0 = Debug|Any CPU
		{57E43734-4D5C-42AD-B103-86F6FF11CA6C}.Release|Any CPU.ActiveCfg = Release|Any CPU
		{57E43734-4D5C-42AD-B103-86F6FF11CA6C}.Release|Any CPU.Build.0 = Release|Any CPU
		{C030079E-A643-41BA-AA10-2F8220AE7197}.Debug|Any CPU.ActiveCfg = Debug|Any CPU
		{C030079E-A643-41BA-AA10-2F8220AE7197}.Debug|Any CPU.Build.0 = Debug|Any CPU
		{C030079E-A643-41BA-AA10-2F8220AE7197}.Release|Any CPU.ActiveCfg = Release|Any CPU
		{C030079E-A643-41BA-AA10-2F8220AE7197}.Release|Any CPU.Build.0 = Release|Any CPU
		{480CC438-FFED-4DE2-BD9E-59734E50952A}.Debug|Any CPU.ActiveCfg = Debug|Any CPU
		{480CC438-FFED-4DE2-BD9E-59734E50952A}.Debug|Any CPU.Build.0 = Debug|Any CPU
		{480CC438-FFED-4DE2-BD9E-59734E50952A}.Release|Any CPU.ActiveCfg = Release|Any CPU
		{480CC438-FFED-4DE2-BD9E-59734E50952A}.Release|Any CPU.Build.0 = Release|Any CPU
		{815A73B7-C252-489A-BE7E-9F52FD53F10A}.Debug|Any CPU.ActiveCfg = Debug|Any CPU
		{815A73B7-C252-489A-BE7E-9F52FD53F10A}.Debug|Any CPU.Build.0 = Debug|Any CPU
		{815A73B7-C252-489A-BE7E-9F52FD53F10A}.Release|Any CPU.ActiveCfg = Release|Any CPU
		{815A73B7-C252-489A-BE7E-9F52FD53F10A}.Release|Any CPU.Build.0 = Release|Any CPU
		{BC9AFF10-0A22-4F15-AB5D-B4D45092E629}.Debug|Any CPU.ActiveCfg = Debug|Any CPU
		{BC9AFF10-0A22-4F15-AB5D-B4D45092E629}.Debug|Any CPU.Build.0 = Debug|Any CPU
		{BC9AFF10-0A22-4F15-AB5D-B4D45092E629}.Release|Any CPU.ActiveCfg = Release|Any CPU
		{BC9AFF10-0A22-4F15-AB5D-B4D45092E629}.Release|Any CPU.Build.0 = Release|Any CPU
		{5D4970FF-A697-406A-9A8D-39752BE6C75D}.Debug|Any CPU.ActiveCfg = Debug|Any CPU
		{5D4970FF-A697-406A-9A8D-39752BE6C75D}.Debug|Any CPU.Build.0 = Debug|Any CPU
		{5D4970FF-A697-406A-9A8D-39752BE6C75D}.Release|Any CPU.ActiveCfg = Release|Any CPU
		{5D4970FF-A697-406A-9A8D-39752BE6C75D}.Release|Any CPU.Build.0 = Release|Any CPU
		{9963B04B-599F-40D0-BB69-996E1EBBBF86}.Debug|Any CPU.ActiveCfg = Debug|Any CPU
		{9963B04B-599F-40D0-BB69-996E1EBBBF86}.Debug|Any CPU.Build.0 = Debug|Any CPU
		{9963B04B-599F-40D0-BB69-996E1EBBBF86}.Debug|Any CPU.Deploy.0 = Debug|Any CPU
		{9963B04B-599F-40D0-BB69-996E1EBBBF86}.Release|Any CPU.ActiveCfg = Release|Any CPU
		{9963B04B-599F-40D0-BB69-996E1EBBBF86}.Release|Any CPU.Build.0 = Release|Any CPU
		{9963B04B-599F-40D0-BB69-996E1EBBBF86}.Release|Any CPU.Deploy.0 = Release|Any CPU
		{9F490270-8C2F-498D-9DF1-73C60C70F807}.Debug|Any CPU.ActiveCfg = Debug|Any CPU
		{9F490270-8C2F-498D-9DF1-73C60C70F807}.Debug|Any CPU.Build.0 = Debug|Any CPU
		{9F490270-8C2F-498D-9DF1-73C60C70F807}.Release|Any CPU.ActiveCfg = Release|Any CPU
		{9F490270-8C2F-498D-9DF1-73C60C70F807}.Release|Any CPU.Build.0 = Release|Any CPU
		{4557B9A6-44BF-4351-A9ED-5F2AA7ECAFA4}.Debug|Any CPU.ActiveCfg = Debug|Any CPU
		{4557B9A6-44BF-4351-A9ED-5F2AA7ECAFA4}.Debug|Any CPU.Build.0 = Debug|Any CPU
		{4557B9A6-44BF-4351-A9ED-5F2AA7ECAFA4}.Release|Any CPU.ActiveCfg = Release|Any CPU
		{4557B9A6-44BF-4351-A9ED-5F2AA7ECAFA4}.Release|Any CPU.Build.0 = Release|Any CPU
		{FE1C0785-EA8C-44FC-9AE2-2B1D03A2861D}.Debug|Any CPU.ActiveCfg = Debug|Any CPU
		{FE1C0785-EA8C-44FC-9AE2-2B1D03A2861D}.Debug|Any CPU.Build.0 = Debug|Any CPU
		{FE1C0785-EA8C-44FC-9AE2-2B1D03A2861D}.Release|Any CPU.ActiveCfg = Release|Any CPU
		{FE1C0785-EA8C-44FC-9AE2-2B1D03A2861D}.Release|Any CPU.Build.0 = Release|Any CPU
		{A8939CF9-9133-4B0D-B23E-F2D57F917F51}.Debug|Any CPU.ActiveCfg = Debug|Any CPU
		{A8939CF9-9133-4B0D-B23E-F2D57F917F51}.Debug|Any CPU.Build.0 = Debug|Any CPU
		{A8939CF9-9133-4B0D-B23E-F2D57F917F51}.Release|Any CPU.ActiveCfg = Release|Any CPU
		{A8939CF9-9133-4B0D-B23E-F2D57F917F51}.Release|Any CPU.Build.0 = Release|Any CPU
		{E934BE2C-8000-48EC-B434-691FC93A927D}.Debug|Any CPU.ActiveCfg = Debug|Any CPU
		{E934BE2C-8000-48EC-B434-691FC93A927D}.Debug|Any CPU.Build.0 = Debug|Any CPU
		{E934BE2C-8000-48EC-B434-691FC93A927D}.Release|Any CPU.ActiveCfg = Release|Any CPU
		{E934BE2C-8000-48EC-B434-691FC93A927D}.Release|Any CPU.Build.0 = Release|Any CPU
		{39F0F822-D581-4846-A0ED-A4CBD5B9321E}.Debug|Any CPU.ActiveCfg = Debug|Any CPU
		{39F0F822-D581-4846-A0ED-A4CBD5B9321E}.Debug|Any CPU.Build.0 = Debug|Any CPU
		{39F0F822-D581-4846-A0ED-A4CBD5B9321E}.Release|Any CPU.ActiveCfg = Release|Any CPU
		{39F0F822-D581-4846-A0ED-A4CBD5B9321E}.Release|Any CPU.Build.0 = Release|Any CPU
		{C47226BF-FA17-4762-BD2D-80DE17355513}.Debug|Any CPU.ActiveCfg = Debug|Any CPU
		{C47226BF-FA17-4762-BD2D-80DE17355513}.Debug|Any CPU.Build.0 = Debug|Any CPU
		{C47226BF-FA17-4762-BD2D-80DE17355513}.Release|Any CPU.ActiveCfg = Release|Any CPU
		{C47226BF-FA17-4762-BD2D-80DE17355513}.Release|Any CPU.Build.0 = Release|Any CPU
		{5B471A01-2B23-42B8-A438-3200CE44B662}.Debug|Any CPU.ActiveCfg = Debug|Any CPU
		{5B471A01-2B23-42B8-A438-3200CE44B662}.Debug|Any CPU.Build.0 = Debug|Any CPU
		{5B471A01-2B23-42B8-A438-3200CE44B662}.Release|Any CPU.ActiveCfg = Release|Any CPU
		{5B471A01-2B23-42B8-A438-3200CE44B662}.Release|Any CPU.Build.0 = Release|Any CPU
		{3D249309-231B-4491-A0BB-91BD61F9F819}.Debug|Any CPU.ActiveCfg = Debug|Any CPU
		{3D249309-231B-4491-A0BB-91BD61F9F819}.Debug|Any CPU.Build.0 = Debug|Any CPU
		{3D249309-231B-4491-A0BB-91BD61F9F819}.Release|Any CPU.ActiveCfg = Release|Any CPU
		{3D249309-231B-4491-A0BB-91BD61F9F819}.Release|Any CPU.Build.0 = Release|Any CPU
		{18C9EFEB-96FD-46D7-82C2-114D0EE63F32}.Debug|Any CPU.ActiveCfg = Debug|Any CPU
		{18C9EFEB-96FD-46D7-82C2-114D0EE63F32}.Debug|Any CPU.Build.0 = Debug|Any CPU
		{18C9EFEB-96FD-46D7-82C2-114D0EE63F32}.Release|Any CPU.ActiveCfg = Release|Any CPU
		{18C9EFEB-96FD-46D7-82C2-114D0EE63F32}.Release|Any CPU.Build.0 = Release|Any CPU
		{EC5DE011-6CD5-4D60-8BC3-C2E9623E25F9}.Debug|Any CPU.ActiveCfg = Debug|Any CPU
		{EC5DE011-6CD5-4D60-8BC3-C2E9623E25F9}.Debug|Any CPU.Build.0 = Debug|Any CPU
		{EC5DE011-6CD5-4D60-8BC3-C2E9623E25F9}.Release|Any CPU.ActiveCfg = Release|Any CPU
		{EC5DE011-6CD5-4D60-8BC3-C2E9623E25F9}.Release|Any CPU.Build.0 = Release|Any CPU
		{E8874983-4474-45E0-8254-5D8B14CB32AA}.Debug|Any CPU.ActiveCfg = Debug|Any CPU
		{E8874983-4474-45E0-8254-5D8B14CB32AA}.Debug|Any CPU.Build.0 = Debug|Any CPU
		{E8874983-4474-45E0-8254-5D8B14CB32AA}.Release|Any CPU.ActiveCfg = Release|Any CPU
		{E8874983-4474-45E0-8254-5D8B14CB32AA}.Release|Any CPU.Build.0 = Release|Any CPU
		{D5534CFB-D988-4932-9DE7-5C55B71CC271}.Debug|Any CPU.ActiveCfg = Debug|Any CPU
		{D5534CFB-D988-4932-9DE7-5C55B71CC271}.Debug|Any CPU.Build.0 = Debug|Any CPU
		{D5534CFB-D988-4932-9DE7-5C55B71CC271}.Release|Any CPU.ActiveCfg = Release|Any CPU
		{D5534CFB-D988-4932-9DE7-5C55B71CC271}.Release|Any CPU.Build.0 = Release|Any CPU
		{80710C68-E6D3-479A-B865-3F47AC79EAAE}.Debug|Any CPU.ActiveCfg = Debug|Any CPU
		{80710C68-E6D3-479A-B865-3F47AC79EAAE}.Debug|Any CPU.Build.0 = Debug|Any CPU
		{80710C68-E6D3-479A-B865-3F47AC79EAAE}.Release|Any CPU.ActiveCfg = Release|Any CPU
		{80710C68-E6D3-479A-B865-3F47AC79EAAE}.Release|Any CPU.Build.0 = Release|Any CPU
		{AFA02378-0DC1-4A35-BDAD-B16DEC61F1EF}.Debug|Any CPU.ActiveCfg = Debug|Any CPU
		{AFA02378-0DC1-4A35-BDAD-B16DEC61F1EF}.Debug|Any CPU.Build.0 = Debug|Any CPU
		{AFA02378-0DC1-4A35-BDAD-B16DEC61F1EF}.Release|Any CPU.ActiveCfg = Release|Any CPU
		{AFA02378-0DC1-4A35-BDAD-B16DEC61F1EF}.Release|Any CPU.Build.0 = Release|Any CPU
		{E30D638E-88A8-481B-AC52-D6728F9F3581}.Debug|Any CPU.ActiveCfg = Debug|Any CPU
		{E30D638E-88A8-481B-AC52-D6728F9F3581}.Debug|Any CPU.Build.0 = Debug|Any CPU
		{E30D638E-88A8-481B-AC52-D6728F9F3581}.Release|Any CPU.ActiveCfg = Release|Any CPU
		{E30D638E-88A8-481B-AC52-D6728F9F3581}.Release|Any CPU.Build.0 = Release|Any CPU
		{2BCAD7E8-EE14-4471-939D-67B09F7D158C}.Debug|Any CPU.ActiveCfg = Debug|Any CPU
		{2BCAD7E8-EE14-4471-939D-67B09F7D158C}.Debug|Any CPU.Build.0 = Debug|Any CPU
		{2BCAD7E8-EE14-4471-939D-67B09F7D158C}.Release|Any CPU.ActiveCfg = Release|Any CPU
		{2BCAD7E8-EE14-4471-939D-67B09F7D158C}.Release|Any CPU.Build.0 = Release|Any CPU
		{9532174E-E736-4A7D-BA45-7B86D186CF00}.Debug|Any CPU.ActiveCfg = Debug|Any CPU
		{9532174E-E736-4A7D-BA45-7B86D186CF00}.Debug|Any CPU.Build.0 = Debug|Any CPU
		{9532174E-E736-4A7D-BA45-7B86D186CF00}.Release|Any CPU.ActiveCfg = Release|Any CPU
		{9532174E-E736-4A7D-BA45-7B86D186CF00}.Release|Any CPU.Build.0 = Release|Any CPU
		{32C840A5-E7E9-401A-9B30-AE23A3227AE6}.Debug|Any CPU.ActiveCfg = Debug|Any CPU
		{32C840A5-E7E9-401A-9B30-AE23A3227AE6}.Debug|Any CPU.Build.0 = Debug|Any CPU
		{32C840A5-E7E9-401A-9B30-AE23A3227AE6}.Release|Any CPU.ActiveCfg = Release|Any CPU
		{32C840A5-E7E9-401A-9B30-AE23A3227AE6}.Release|Any CPU.Build.0 = Release|Any CPU
	EndGlobalSection
	GlobalSection(SolutionProperties) = preSolution
		HideSolutionNode = FALSE
	EndGlobalSection
	GlobalSection(NestedProjects) = preSolution
		{EA5B7B6F-F2E1-46AA-A00C-266009742BA7} = {762A87DE-FAFF-4455-B66A-1929E9C22149}
		{57E43734-4D5C-42AD-B103-86F6FF11CA6C} = {B5652ABD-0130-4149-8B72-4E506749316B}
		{C030079E-A643-41BA-AA10-2F8220AE7197} = {B5652ABD-0130-4149-8B72-4E506749316B}
		{480CC438-FFED-4DE2-BD9E-59734E50952A} = {B5652ABD-0130-4149-8B72-4E506749316B}
		{BC9AFF10-0A22-4F15-AB5D-B4D45092E629} = {8E5D3B6A-BE0B-477A-A25C-1507F1CC8DEB}
		{5D4970FF-A697-406A-9A8D-39752BE6C75D} = {8E5D3B6A-BE0B-477A-A25C-1507F1CC8DEB}
		{9963B04B-599F-40D0-BB69-996E1EBBBF86} = {8E5D3B6A-BE0B-477A-A25C-1507F1CC8DEB}
		{9F490270-8C2F-498D-9DF1-73C60C70F807} = {B5652ABD-0130-4149-8B72-4E506749316B}
		{4557B9A6-44BF-4351-A9ED-5F2AA7ECAFA4} = {B5652ABD-0130-4149-8B72-4E506749316B}
		{FE1C0785-EA8C-44FC-9AE2-2B1D03A2861D} = {EA5B7B6F-F2E1-46AA-A00C-266009742BA7}
		{A8939CF9-9133-4B0D-B23E-F2D57F917F51} = {EA5B7B6F-F2E1-46AA-A00C-266009742BA7}
		{503D95AC-FDE0-4F9E-9340-6EAE35A15032} = {762A87DE-FAFF-4455-B66A-1929E9C22149}
		{E934BE2C-8000-48EC-B434-691FC93A927D} = {503D95AC-FDE0-4F9E-9340-6EAE35A15032}
		{39F0F822-D581-4846-A0ED-A4CBD5B9321E} = {503D95AC-FDE0-4F9E-9340-6EAE35A15032}
		{C47226BF-FA17-4762-BD2D-80DE17355513} = {503D95AC-FDE0-4F9E-9340-6EAE35A15032}
		{5B471A01-2B23-42B8-A438-3200CE44B662} = {503D95AC-FDE0-4F9E-9340-6EAE35A15032}
		{3D249309-231B-4491-A0BB-91BD61F9F819} = {503D95AC-FDE0-4F9E-9340-6EAE35A15032}
		{18C9EFEB-96FD-46D7-82C2-114D0EE63F32} = {503D95AC-FDE0-4F9E-9340-6EAE35A15032}
		{EC5DE011-6CD5-4D60-8BC3-C2E9623E25F9} = {503D95AC-FDE0-4F9E-9340-6EAE35A15032}
		{E8874983-4474-45E0-8254-5D8B14CB32AA} = {503D95AC-FDE0-4F9E-9340-6EAE35A15032}
		{D5534CFB-D988-4932-9DE7-5C55B71CC271} = {B5652ABD-0130-4149-8B72-4E506749316B}
		{80710C68-E6D3-479A-B865-3F47AC79EAAE} = {B5652ABD-0130-4149-8B72-4E506749316B}
		{AFA02378-0DC1-4A35-BDAD-B16DEC61F1EF} = {B5652ABD-0130-4149-8B72-4E506749316B}
		{290E29A1-3C01-4AF6-9225-84CC63A6AD70} = {762A87DE-FAFF-4455-B66A-1929E9C22149}
		{E30D638E-88A8-481B-AC52-D6728F9F3581} = {290E29A1-3C01-4AF6-9225-84CC63A6AD70}
		{2BCAD7E8-EE14-4471-939D-67B09F7D158C} = {EA5B7B6F-F2E1-46AA-A00C-266009742BA7}
		{9532174E-E736-4A7D-BA45-7B86D186CF00} = {503D95AC-FDE0-4F9E-9340-6EAE35A15032}
		{32C840A5-E7E9-401A-9B30-AE23A3227AE6} = {290E29A1-3C01-4AF6-9225-84CC63A6AD70}
	EndGlobalSection
	GlobalSection(ExtensibilityGlobals) = postSolution
		SolutionGuid = {2F3D907B-E73A-48C5-9F05-BD20A69A9DD3}
	EndGlobalSection
EndGlobal
